
Microsoft Visual Studio Solution File, Format Version 12.00
# Visual Studio Version 16
VisualStudioVersion = 16.0.29613.14
MinimumVisualStudioVersion = 10.0.40219.1
Project("{8BC9CEB8-8B4A-11D0-8D11-00A0C91BC942}") = "xplay", "xplay.vcxproj", "{D05B9D62-E303-4728-8AB4-5B69D02CC17E}"
EndProject
Global
	GlobalSection(SolutionConfigurationPlatforms) = preSolution
		Debug|x64 = Debug|x64
		Release|x64 = Release|x64
	EndGlobalSection
	GlobalSection(ProjectConfigurationPlatforms) = postSolution
		{D05B9D62-E303-4728-8AB4-5B69D02CC17E}.Debug|x64.ActiveCfg = Debug|x64
		{D05B9D62-E303-4728-8AB4-5B69D02CC17E}.Debug|x64.Build.0 = Debug|x64
		{D05B9D62-E303-4728-8AB4-5B69D02CC17E}.Release|x64.ActiveCfg = Release|x64
		{D05B9D62-E303-4728-8AB4-5B69D02CC17E}.Release|x64.Build.0 = Release|x64
	EndGlobalSection
	GlobalSection(SolutionProperties) = preSolution
		HideSolutionNode = FALSE
	EndGlobalSection
	GlobalSection(ExtensibilityGlobals) = postSolution
		SolutionGuid = {732D177F-4EA9-42D8-AACA-8EAE38A5FA6A}
	EndGlobalSection
EndGlobal
